
Microsoft Visual Studio Solution File, Format Version 12.00
# Visual Studio 14
VisualStudioVersion = 14.0.25123.0
MinimumVisualStudioVersion = 10.0.40219.1
Project("{D6094FFA-28D0-4BEF-B166-A50A384CA856}") = "Sitecore.Support.212651", "Sitecore.Support.212651\Sitecore.Support.212651.csproj", "{12B39DDD-9D2D-47B7-8142-32DEEAD626EE}"
EndProject
Global
	GlobalSection(SolutionConfigurationPlatforms) = preSolution
		Debug|Any CPU = Debug|Any CPU
		Release|Any CPU = Release|Any CPU
	EndGlobalSection
	GlobalSection(ProjectConfigurationPlatforms) = postSolution
		{12B39DDD-9D2D-47B7-8142-32DEEAD626EE}.Debug|Any CPU.ActiveCfg = Debug|Any CPU
		{12B39DDD-9D2D-47B7-8142-32DEEAD626EE}.Debug|Any CPU.Build.0 = Debug|Any CPU
		{12B39DDD-9D2D-47B7-8142-32DEEAD626EE}.Release|Any CPU.ActiveCfg = Release|Any CPU
		{12B39DDD-9D2D-47B7-8142-32DEEAD626EE}.Release|Any CPU.Build.0 = Release|Any CPU
	EndGlobalSection
	GlobalSection(SolutionProperties) = preSolution
		HideSolutionNode = FALSE
	EndGlobalSection
EndGlobal
